{
  "originHash" : "05e6630cbea51ab7ce7b374e1a620de19d7ecd8fef669e616f4ba5b56d2193ed",
  "pins" : [
    {
      "identity" : "ezcharts",
      "kind" : "remoteSourceControl",
      "location" : "https://github.com/gomez1112/EZCharts",
      "state" : {
        "revision" : "ec629ff8f50508be36f0b9e749383b49e0fc6ba5",
        "version" : "0.2.3"
      }
    },
    {
      "identity" : "ezswiftdata",
      "kind" : "remoteSourceControl",
      "location" : "https://github.com/gomez1112/EZSwiftData",
      "state" : {
        "revision" : "ae6ac380fef4429fdf8e0a137549cf3ad5e9cc1d",
        "version" : "1.1.3"
      }
    },
    {
      "identity" : "flexstore",
      "kind" : "remoteSourceControl",
      "location" : "https://github.com/gomez1112/FlexStore",
      "state" : {
        "revision" : "27338bd0020b216c74a011a4fb520784ae392a1c",
        "version" : "1.2.0"
      }
    },
    {
      "identity" : "gentlenotification",
      "kind" : "remoteSourceControl",
      "location" : "https://github.com/gomez1112/GentleNotification",
      "state" : {
        "branch" : "main",
        "revision" : "8ff5a73598253451bff3aa4de1b25bfaada45701"
      }
    },
    {
      "identity" : "onboardingkit",
      "kind" : "remoteSourceControl",
      "location" : "https://github.com/gomez1112/OnboardingKit",
      "state" : {
        "revision" : "44864b3780fc0b1863433bee38514402b3375c75",
        "version" : "1.5.1"
      }
    }
  ],
  "version" : 3
}
